<?xml version="1.0" encoding="utf-8"?>
<Project ToolsVersion="4.0" xmlns="http://schemas.microsoft.com/developer/msbuild/2003">
  <ItemGroup>
    <Filter Include="Ogre">
      <UniqueIdentifier>{2adebece-b1b9-45d6-b887-72abb1cda07e}</UniqueIdentifier>
    </Filter>
    <Filter Include="Ogre\Header Files">
      <UniqueIdentifier>{85b9ee03-957d-4300-ac13-8d3344a32979}</UniqueIdentifier>
    </Filter>
    <Filter Include="Ogre\Source Files">
      <UniqueIdentifier>{9c94adaf-b891-4bb5-9753-e2e7e3950d17}</UniqueIdentifier>
    </Filter>
    <Filter Include="Ogre\MapParse">
      <UniqueIdentifier>{9bc7c729-5f74-4b76-b696-143f404c63f9}</UniqueIdentifier>
    </Filter>
    <Filter Include="Dependence">
      <UniqueIdentifier>{02fad7d6-5a47-4fa1-86f2-a97510016868}</UniqueIdentifier>
    </Filter>
    <Filter Include="Dependence\Common">
      <UniqueIdentifier>{eab440cd-4a80-4438-b4fd-22aeb73234e2}</UniqueIdentifier>
    </Filter>
    <Filter Include="Resource Files">
      <UniqueIdentifier>{D9D6E242-F8AF-46E4-B9FD-80ECBC20BA3E}</UniqueIdentifier>
      <Extensions>qrc;*</Extensions>
      <ParseFiles>false</ParseFiles>
    </Filter>
    <Filter Include="Generated Files">
      <UniqueIdentifier>{71ED8ED8-ACB9-4CE9-BBE1-E00B30144E11}</UniqueIdentifier>
      <Extensions>moc;h;cpp</Extensions>
      <SourceControlFiles>False</SourceControlFiles>
    </Filter>
    <Filter Include="Generated Files\Release">
      <UniqueIdentifier>{578022ba-8989-49db-a0c9-07c2e4e2a9ee}</UniqueIdentifier>
      <Extensions>cpp;moc</Extensions>
      <SourceControlFiles>False</SourceControlFiles>
    </Filter>
    <Filter Include="Generated Files\Debug">
      <UniqueIdentifier>{cd9a8c76-3fcc-4405-a92c-212316331a4d}</UniqueIdentifier>
      <Extensions>cpp;moc</Extensions>
      <SourceControlFiles>False</SourceControlFiles>
    </Filter>
    <Filter Include="QtGUI">
      <UniqueIdentifier>{d773777f-eec8-4782-8b7b-408c0dc1ef8d}</UniqueIdentifier>
    </Filter>
    <Filter Include="QtGUI\Source Files">
      <UniqueIdentifier>{4FC737F1-C7A5-4376-A066-2A32D752A2FF}</UniqueIdentifier>
      <Extensions>cpp;cxx;c;def</Extensions>
    </Filter>
    <Filter Include="QtGUI\Header Files">
      <UniqueIdentifier>{93995380-89BD-4b04-88EB-625FBE52EBFB}</UniqueIdentifier>
      <Extensions>h</Extensions>
    </Filter>
    <Filter Include="QtGUI\Form Files">
      <UniqueIdentifier>{99349809-55BA-4b9d-BF79-8FDBB0286EB3}</UniqueIdentifier>
      <Extensions>ui</Extensions>
    </Filter>
  </ItemGroup>
  <ItemGroup>
    <ClInclude Include="Ogre\ObjectFactory.h">
      <Filter>Ogre\Header Files</Filter>
    </ClInclude>
    <ClInclude Include="Ogre\OgreApp.h">
      <Filter>Ogre\Header Files</Filter>
    </ClInclude>
    <ClInclude Include="Ogre\OgreGrid.h">
      <Filter>Ogre\Header Files</Filter>
    </ClInclude>
    <ClInclude Include="Ogre\OgreLog.h">
      <Filter>Ogre\Header Files</Filter>
    </ClInclude>
    <ClInclude Include="Ogre\OgreTerrain.h">
      <Filter>Ogre\Header Files</Filter>
    </ClInclude>
    <ClInclude Include="Ogre\Util.h">
      <Filter>Ogre\Header Files</Filter>
    </ClInclude>
    <ClInclude Include="Ogre\Loader.h">
      <Filter>Ogre\MapParse</Filter>
    </ClInclude>
    <ClInclude Include="Ogre\Saver.h">
      <Filter>Ogre\MapParse</Filter>
    </ClInclude>
    <ClInclude Include="Dependence\SingletonT.h">
      <Filter>Dependence</Filter>
    </ClInclude>
    <ClInclude Include="Dependence\Common.h">
      <Filter>Dependence\Common</Filter>
    </ClInclude>
    <ClInclude Include="GeneratedFiles\ui_mymapeditor.h">
      <Filter>Generated Files</Filter>
    </ClInclude>
    <ClInclude Include="QtGUI\EntityViewWidget.h">
      <Filter>QtGUI\Header Files</Filter>
    </ClInclude>
  </ItemGroup>
  <ItemGroup>
    <ClCompile Include="Ogre\ObjectFactory.cpp">
      <Filter>Ogre\Source Files</Filter>
    </ClCompile>
    <ClCompile Include="Ogre\OgreApp.cpp">
      <Filter>Ogre\Source Files</Filter>
    </ClCompile>
    <ClCompile Include="Ogre\OgreGrid.cpp">
      <Filter>Ogre\Source Files</Filter>
    </ClCompile>
    <ClCompile Include="Ogre\OgreLog.cpp">
      <Filter>Ogre\Source Files</Filter>
    </ClCompile>
    <ClCompile Include="Ogre\OgreTerrain.cpp">
      <Filter>Ogre\Source Files</Filter>
    </ClCompile>
    <ClCompile Include="Ogre\Util.cpp">
      <Filter>Ogre\Source Files</Filter>
    </ClCompile>
    <ClCompile Include="Ogre\Loader.cpp">
      <Filter>Ogre\MapParse</Filter>
    </ClCompile>
    <ClCompile Include="Ogre\Saver.cpp">
      <Filter>Ogre\MapParse</Filter>
    </ClCompile>
    <ClCompile Include="Dependence\Common.cpp">
      <Filter>Dependence\Common</Filter>
    </ClCompile>
    <ClCompile Include="GeneratedFiles\qrc_mymapeditor.cpp">
      <Filter>Generated Files</Filter>
    </ClCompile>
    <ClCompile Include="GeneratedFiles\Release\moc_DragListWidget.cpp">
      <Filter>Generated Files\Release</Filter>
    </ClCompile>
    <ClCompile Include="GeneratedFiles\Release\moc_ListDockWidget.cpp">
      <Filter>Generated Files\Release</Filter>
    </ClCompile>
    <ClCompile Include="GeneratedFiles\Release\moc_LogDockWidget.cpp">
      <Filter>Generated Files\Release</Filter>
    </ClCompile>
    <ClCompile Include="GeneratedFiles\Release\moc_MainWindow.cpp">
      <Filter>Generated Files\Release</Filter>
    </ClCompile>
    <ClCompile Include="GeneratedFiles\Release\moc_MeshDockWidget.cpp">
      <Filter>Generated Files\Release</Filter>
    </ClCompile>
    <ClCompile Include="GeneratedFiles\Release\moc_NewMapWindow.cpp">
      <Filter>Generated Files\Release</Filter>
    </ClCompile>
    <ClCompile Include="GeneratedFiles\Release\moc_OgreWidget.cpp">
      <Filter>Generated Files\Release</Filter>
    </ClCompile>
    <ClCompile Include="GeneratedFiles\Release\moc_PropertyDockWidget.cpp">
      <Filter>Generated Files\Release</Filter>
    </ClCompile>
    <ClCompile Include="GeneratedFiles\Release\moc_RotateWindow.cpp">
      <Filter>Generated Files\Release</Filter>
    </ClCompile>
    <ClCompile Include="GeneratedFiles\Release\moc_ScaleWindow.cpp">
      <Filter>Generated Files\Release</Filter>
    </ClCompile>
    <ClCompile Include="GeneratedFiles\Debug\moc_DragListWidget.cpp">
      <Filter>Generated Files\Debug</Filter>
    </ClCompile>
    <ClCompile Include="GeneratedFiles\Debug\moc_ListDockWidget.cpp">
      <Filter>Generated Files\Debug</Filter>
    </ClCompile>
    <ClCompile Include="GeneratedFiles\Debug\moc_LogDockWidget.cpp">
      <Filter>Generated Files\Debug</Filter>
    </ClCompile>
    <ClCompile Include="GeneratedFiles\Debug\moc_MainWindow.cpp">
      <Filter>Generated Files\Debug</Filter>
    </ClCompile>
    <ClCompile Include="GeneratedFiles\Debug\moc_MeshDockWidget.cpp">
      <Filter>Generated Files\Debug</Filter>
    </ClCompile>
    <ClCompile Include="GeneratedFiles\Debug\moc_NewMapWindow.cpp">
      <Filter>Generated Files\Debug</Filter>
    </ClCompile>
    <ClCompile Include="GeneratedFiles\Debug\moc_OgreWidget.cpp">
      <Filter>Generated Files\Debug</Filter>
    </ClCompile>
    <ClCompile Include="GeneratedFiles\Debug\moc_PropertyDockWidget.cpp">
      <Filter>Generated Files\Debug</Filter>
    </ClCompile>
    <ClCompile Include="GeneratedFiles\Debug\moc_RotateWindow.cpp">
      <Filter>Generated Files\Debug</Filter>
    </ClCompile>
    <ClCompile Include="GeneratedFiles\Debug\moc_ScaleWindow.cpp">
      <Filter>Generated Files\Debug</Filter>
    </ClCompile>
    <ClCompile Include="QtGUI\DragListWidget.cpp">
      <Filter>QtGUI\Source Files</Filter>
    </ClCompile>
    <ClCompile Include="QtGUI\EntityViewWidget.cpp">
      <Filter>QtGUI\Source Files</Filter>
    </ClCompile>
    <ClCompile Include="QtGUI\ListDockWidget.cpp">
      <Filter>QtGUI\Source Files</Filter>
    </ClCompile>
    <ClCompile Include="QtGUI\LogDockWidget.cpp">
      <Filter>QtGUI\Source Files</Filter>
    </ClCompile>
    <ClCompile Include="QtGUI\MainWindow.cpp">
      <Filter>QtGUI\Source Files</Filter>
    </ClCompile>
    <ClCompile Include="QtGUI\MeshDockWidget.cpp">
      <Filter>QtGUI\Source Files</Filter>
    </ClCompile>
    <ClCompile Include="QtGUI\NewMapWindow.cpp">
      <Filter>QtGUI\Source Files</Filter>
    </ClCompile>
    <ClCompile Include="QtGUI\OgreWidget.cpp">
      <Filter>QtGUI\Source Files</Filter>
    </ClCompile>
    <ClCompile Include="QtGUI\PropertyDockWidget.cpp">
      <Filter>QtGUI\Source Files</Filter>
    </ClCompile>
    <ClCompile Include="QtGUI\RoteteWindow.cpp">
      <Filter>QtGUI\Source Files</Filter>
    </ClCompile>
    <ClCompile Include="QtGUI\ScaleWindow.cpp">
      <Filter>QtGUI\Source Files</Filter>
    </ClCompile>
    <ClCompile Include="main.cpp">
      <Filter>QtGUI\Source Files</Filter>
    </ClCompile>
  </ItemGroup>
  <ItemGroup>
    <CustomBuildStep Include="Resources\delete.svg">
      <Filter>Resource Files</Filter>
    </CustomBuildStep>
    <CustomBuildStep Include="Resources\entity.svg">
      <Filter>Resource Files</Filter>
    </CustomBuildStep>
    <CustomBuildStep Include="Resources\exit.svg">
      <Filter>Resource Files</Filter>
    </CustomBuildStep>
    <CustomBuildStep Include="Resources\filenew.svg">
      <Filter>Resource Files</Filter>
    </CustomBuildStep>
    <CustomBuildStep Include="Resources\fileopen.svg">
      <Filter>Resource Files</Filter>
    </CustomBuildStep>
    <CustomBuildStep Include="Resources\filesave.svg">
      <Filter>Resource Files</Filter>
    </CustomBuildStep>
    <CustomBuildStep Include="Resources\info.svg">
      <Filter>Resource Files</Filter>
    </CustomBuildStep>
    <CustomBuildStep Include="Resources\move.svg">
      <Filter>Resource Files</Filter>
    </CustomBuildStep>
    <CustomBuildStep Include="Resources\properties.svg">
      <Filter>Resource Files</Filter>
    </CustomBuildStep>
    <CustomBuildStep Include="Resources\relight.svg">
      <Filter>Resource Files</Filter>
    </CustomBuildStep>
    <CustomBuildStep Include="Resources\rotate.svg">
      <Filter>Resource Files</Filter>
    </CustomBuildStep>
    <CustomBuildStep Include="Resources\scale.svg">
      <Filter>Resource Files</Filter>
    </CustomBuildStep>
    <CustomBuildStep Include="Resources\scene.svg">
      <Filter>Resource Files</Filter>
    </CustomBuildStep>
    <CustomBuildStep Include="Resources\select.svg">
      <Filter>Resource Files</Filter>
    </CustomBuildStep>
    <CustomBuildStep Include="Resources\splatgrass.svg">
      <Filter>Resource Files</Filter>
    </CustomBuildStep>
  </ItemGroup>
  <ItemGroup>
    <CustomBuild Include="Resources\mymapeditor.qrc">
      <Filter>Resource Files</Filter>
    </CustomBuild>
    <CustomBuild Include="QtGUI\DragListWidget.h">
      <Filter>QtGUI\Header Files</Filter>
    </CustomBuild>
    <CustomBuild Include="QtGUI\ListDockWidget.h">
      <Filter>QtGUI\Header Files</Filter>
    </CustomBuild>
    <CustomBuild Include="QtGUI\LogDockWidget.h">
      <Filter>QtGUI\Header Files</Filter>
    </CustomBuild>
    <CustomBuild Include="QtGUI\MainWindow.h">
      <Filter>QtGUI\Header Files</Filter>
    </CustomBuild>
    <CustomBuild Include="QtGUI\MeshDockWidget.h">
      <Filter>QtGUI\Header Files</Filter>
    </CustomBuild>
    <CustomBuild Include="QtGUI\NewMapWindow.h">
      <Filter>QtGUI\Header Files</Filter>
    </CustomBuild>
    <CustomBuild Include="QtGUI\OgreWidget.h">
      <Filter>QtGUI\Header Files</Filter>
    </CustomBuild>
    <CustomBuild Include="QtGUI\PropertyDockWidget.h">
      <Filter>QtGUI\Header Files</Filter>
    </CustomBuild>
    <CustomBuild Include="QtGUI\RotateWindow.h">
      <Filter>QtGUI\Header Files</Filter>
    </CustomBuild>
    <CustomBuild Include="QtGUI\ScaleWindow.h">
      <Filter>QtGUI\Header Files</Filter>
    </CustomBuild>
    <CustomBuild Include="Resources\mymapeditor.ui">
      <Filter>QtGUI\Form Files</Filter>
    </CustomBuild>
  </ItemGroup>
</Project>