
Microsoft Visual Studio Solution File, Format Version 11.00
# Visual Studio 2010
Project("{8BC9CEB8-8B4A-11D0-8D11-00A0C91BC942}") = "MyMapEditor", "MyMapEditor\MyMapEditor.vcxproj", "{0343C453-FCCC-4168-A5BD-B24D12850425}"
EndProject
Project("{2150E333-8FDC-42A3-9474-1A3956D46DE8}") = "OGRE", "OGRE", "{A1C9B4B4-6856-40B4-84CE-FFF558F1D417}"
EndProject
Project("{8BC9CEB8-8B4A-11D0-8D11-00A0C91BC942}") = "OgreMain", "OgreMain\OgreMain.vcxproj", "{F2495B71-A670-47FC-A696-C206E2717E4A}"
EndProject
Project("{8BC9CEB8-8B4A-11D0-8D11-00A0C91BC942}") = "RenderSystem_GL", "RenderSystems\GL\RenderSystem_GL.vcxproj", "{D16B4034-2F1A-4F08-B175-2C16333A202A}"
EndProject
Project("{8BC9CEB8-8B4A-11D0-8D11-00A0C91BC942}") = "Plugin_BSPSceneManager", "BSPSceneManager\Plugin_BSPSceneManager.vcxproj", "{7F525BA7-FCFB-49D0-B8B7-78C143156C99}"
EndProject
Project("{8BC9CEB8-8B4A-11D0-8D11-00A0C91BC942}") = "Plugin_OctreeSceneManager", "OctreeSceneManager\Plugin_OctreeSceneManager.vcxproj", "{EE0A938A-9C8C-4EC3-9D75-DD37CD5E8E7E}"
EndProject
Project("{8BC9CEB8-8B4A-11D0-8D11-00A0C91BC942}") = "OgrePaging", "Paging\OgrePaging.vcxproj", "{FC23929D-F7B5-4C8E-B3C1-9AC3CA3CFEFD}"
EndProject
Project("{8BC9CEB8-8B4A-11D0-8D11-00A0C91BC942}") = "OgreTerrain", "Terrain\OgreTerrain.vcxproj", "{B2EAC390-3F95-407D-9405-6886E6E4FB41}"
EndProject
Global
	GlobalSection(SolutionConfigurationPlatforms) = preSolution
		Debug|Win32 = Debug|Win32
		MinSizeRel|Win32 = MinSizeRel|Win32
		Release|Win32 = Release|Win32
		RelWithDebInfo|Win32 = RelWithDebInfo|Win32
	EndGlobalSection
	GlobalSection(ProjectConfigurationPlatforms) = postSolution
		{0343C453-FCCC-4168-A5BD-B24D12850425}.Debug|Win32.ActiveCfg = Debug|Win32
		{0343C453-FCCC-4168-A5BD-B24D12850425}.Debug|Win32.Build.0 = Debug|Win32
		{0343C453-FCCC-4168-A5BD-B24D12850425}.MinSizeRel|Win32.ActiveCfg = Template|Win32
		{0343C453-FCCC-4168-A5BD-B24D12850425}.MinSizeRel|Win32.Build.0 = Template|Win32
		{0343C453-FCCC-4168-A5BD-B24D12850425}.Release|Win32.ActiveCfg = Release|Win32
		{0343C453-FCCC-4168-A5BD-B24D12850425}.Release|Win32.Build.0 = Release|Win32
		{0343C453-FCCC-4168-A5BD-B24D12850425}.RelWithDebInfo|Win32.ActiveCfg = Release|Win32
		{0343C453-FCCC-4168-A5BD-B24D12850425}.RelWithDebInfo|Win32.Build.0 = Release|Win32
		{F2495B71-A670-47FC-A696-C206E2717E4A}.Debug|Win32.ActiveCfg = Debug|Win32
		{F2495B71-A670-47FC-A696-C206E2717E4A}.Debug|Win32.Build.0 = Debug|Win32
		{F2495B71-A670-47FC-A696-C206E2717E4A}.MinSizeRel|Win32.ActiveCfg = MinSizeRel|Win32
		{F2495B71-A670-47FC-A696-C206E2717E4A}.MinSizeRel|Win32.Build.0 = MinSizeRel|Win32
		{F2495B71-A670-47FC-A696-C206E2717E4A}.Release|Win32.ActiveCfg = Release|Win32
		{F2495B71-A670-47FC-A696-C206E2717E4A}.Release|Win32.Build.0 = Release|Win32
		{F2495B71-A670-47FC-A696-C206E2717E4A}.RelWithDebInfo|Win32.ActiveCfg = RelWithDebInfo|Win32
		{F2495B71-A670-47FC-A696-C206E2717E4A}.RelWithDebInfo|Win32.Build.0 = RelWithDebInfo|Win32
		{D16B4034-2F1A-4F08-B175-2C16333A202A}.Debug|Win32.ActiveCfg = Debug|Win32
		{D16B4034-2F1A-4F08-B175-2C16333A202A}.Debug|Win32.Build.0 = Debug|Win32
		{D16B4034-2F1A-4F08-B175-2C16333A202A}.MinSizeRel|Win32.ActiveCfg = MinSizeRel|Win32
		{D16B4034-2F1A-4F08-B175-2C16333A202A}.MinSizeRel|Win32.Build.0 = MinSizeRel|Win32
		{D16B4034-2F1A-4F08-B175-2C16333A202A}.Release|Win32.ActiveCfg = Release|Win32
		{D16B4034-2F1A-4F08-B175-2C16333A202A}.Release|Win32.Build.0 = Release|Win32
		{D16B4034-2F1A-4F08-B175-2C16333A202A}.RelWithDebInfo|Win32.ActiveCfg = RelWithDebInfo|Win32
		{D16B4034-2F1A-4F08-B175-2C16333A202A}.RelWithDebInfo|Win32.Build.0 = RelWithDebInfo|Win32
		{7F525BA7-FCFB-49D0-B8B7-78C143156C99}.Debug|Win32.ActiveCfg = Debug|Win32
		{7F525BA7-FCFB-49D0-B8B7-78C143156C99}.Debug|Win32.Build.0 = Debug|Win32
		{7F525BA7-FCFB-49D0-B8B7-78C143156C99}.MinSizeRel|Win32.ActiveCfg = MinSizeRel|Win32
		{7F525BA7-FCFB-49D0-B8B7-78C143156C99}.MinSizeRel|Win32.Build.0 = MinSizeRel|Win32
		{7F525BA7-FCFB-49D0-B8B7-78C143156C99}.Release|Win32.ActiveCfg = Release|Win32
		{7F525BA7-FCFB-49D0-B8B7-78C143156C99}.Release|Win32.Build.0 = Release|Win32
		{7F525BA7-FCFB-49D0-B8B7-78C143156C99}.RelWithDebInfo|Win32.ActiveCfg = RelWithDebInfo|Win32
		{7F525BA7-FCFB-49D0-B8B7-78C143156C99}.RelWithDebInfo|Win32.Build.0 = RelWithDebInfo|Win32
		{EE0A938A-9C8C-4EC3-9D75-DD37CD5E8E7E}.Debug|Win32.ActiveCfg = Debug|Win32
		{EE0A938A-9C8C-4EC3-9D75-DD37CD5E8E7E}.Debug|Win32.Build.0 = Debug|Win32
		{EE0A938A-9C8C-4EC3-9D75-DD37CD5E8E7E}.MinSizeRel|Win32.ActiveCfg = MinSizeRel|Win32
		{EE0A938A-9C8C-4EC3-9D75-DD37CD5E8E7E}.MinSizeRel|Win32.Build.0 = MinSizeRel|Win32
		{EE0A938A-9C8C-4EC3-9D75-DD37CD5E8E7E}.Release|Win32.ActiveCfg = Release|Win32
		{EE0A938A-9C8C-4EC3-9D75-DD37CD5E8E7E}.Release|Win32.Build.0 = Release|Win32
		{EE0A938A-9C8C-4EC3-9D75-DD37CD5E8E7E}.RelWithDebInfo|Win32.ActiveCfg = RelWithDebInfo|Win32
		{EE0A938A-9C8C-4EC3-9D75-DD37CD5E8E7E}.RelWithDebInfo|Win32.Build.0 = RelWithDebInfo|Win32
		{FC23929D-F7B5-4C8E-B3C1-9AC3CA3CFEFD}.Debug|Win32.ActiveCfg = Debug|Win32
		{FC23929D-F7B5-4C8E-B3C1-9AC3CA3CFEFD}.Debug|Win32.Build.0 = Debug|Win32
		{FC23929D-F7B5-4C8E-B3C1-9AC3CA3CFEFD}.MinSizeRel|Win32.ActiveCfg = MinSizeRel|Win32
		{FC23929D-F7B5-4C8E-B3C1-9AC3CA3CFEFD}.MinSizeRel|Win32.Build.0 = MinSizeRel|Win32
		{FC23929D-F7B5-4C8E-B3C1-9AC3CA3CFEFD}.Release|Win32.ActiveCfg = Release|Win32
		{FC23929D-F7B5-4C8E-B3C1-9AC3CA3CFEFD}.Release|Win32.Build.0 = Release|Win32
		{FC23929D-F7B5-4C8E-B3C1-9AC3CA3CFEFD}.RelWithDebInfo|Win32.ActiveCfg = RelWithDebInfo|Win32
		{FC23929D-F7B5-4C8E-B3C1-9AC3CA3CFEFD}.RelWithDebInfo|Win32.Build.0 = RelWithDebInfo|Win32
		{B2EAC390-3F95-407D-9405-6886E6E4FB41}.Debug|Win32.ActiveCfg = Debug|Win32
		{B2EAC390-3F95-407D-9405-6886E6E4FB41}.Debug|Win32.Build.0 = Debug|Win32
		{B2EAC390-3F95-407D-9405-6886E6E4FB41}.MinSizeRel|Win32.ActiveCfg = MinSizeRel|Win32
		{B2EAC390-3F95-407D-9405-6886E6E4FB41}.MinSizeRel|Win32.Build.0 = MinSizeRel|Win32
		{B2EAC390-3F95-407D-9405-6886E6E4FB41}.Release|Win32.ActiveCfg = Release|Win32
		{B2EAC390-3F95-407D-9405-6886E6E4FB41}.Release|Win32.Build.0 = Release|Win32
		{B2EAC390-3F95-407D-9405-6886E6E4FB41}.RelWithDebInfo|Win32.ActiveCfg = RelWithDebInfo|Win32
		{B2EAC390-3F95-407D-9405-6886E6E4FB41}.RelWithDebInfo|Win32.Build.0 = RelWithDebInfo|Win32
	EndGlobalSection
	GlobalSection(SolutionProperties) = preSolution
		HideSolutionNode = FALSE
	EndGlobalSection
	GlobalSection(NestedProjects) = preSolution
		{F2495B71-A670-47FC-A696-C206E2717E4A} = {A1C9B4B4-6856-40B4-84CE-FFF558F1D417}
		{D16B4034-2F1A-4F08-B175-2C16333A202A} = {A1C9B4B4-6856-40B4-84CE-FFF558F1D417}
		{7F525BA7-FCFB-49D0-B8B7-78C143156C99} = {A1C9B4B4-6856-40B4-84CE-FFF558F1D417}
		{EE0A938A-9C8C-4EC3-9D75-DD37CD5E8E7E} = {A1C9B4B4-6856-40B4-84CE-FFF558F1D417}
		{FC23929D-F7B5-4C8E-B3C1-9AC3CA3CFEFD} = {A1C9B4B4-6856-40B4-84CE-FFF558F1D417}
		{B2EAC390-3F95-407D-9405-6886E6E4FB41} = {A1C9B4B4-6856-40B4-84CE-FFF558F1D417}
	EndGlobalSection
EndGlobal
