<?xml version="1.0" encoding="utf-8"?>
<Project ToolsVersion="4.0" xmlns="http://schemas.microsoft.com/developer/msbuild/2003">
  <ItemGroup>
    <Filter Include="Dll Files">
      <UniqueIdentifier>{4FC737F1-C7A5-4376-A066-2A32D752A2FF}</UniqueIdentifier>
      <Extensions>cpp;c;cc;cxx;def;odl;idl;hpj;bat;asm;asmx</Extensions>
    </Filter>
    <Filter Include="Dll Files\x64">
      <UniqueIdentifier>{93dae9d6-eb8d-4b08-94e2-b6452197ccf1}</UniqueIdentifier>
    </Filter>
    <Filter Include="Dll Files\Win32">
      <UniqueIdentifier>{5868e6fc-5649-4986-9512-defd0855df27}</UniqueIdentifier>
    </Filter>
    <Filter Include="Header Files">
      <UniqueIdentifier>{93995380-89BD-4b04-88EB-625FBE52EBFB}</UniqueIdentifier>
      <Extensions>h;hpp;hxx;hm;inl;inc;xsd</Extensions>
    </Filter>
    <Filter Include="Lib Files">
      <UniqueIdentifier>{67DA6AB6-F800-4c08-8B7A-83BB121AAD01}</UniqueIdentifier>
      <Extensions>rc;ico;cur;bmp;dlg;rc2;rct;bin;rgs;gif;jpg;jpeg;jpe;resx;tiff;tif;png;wav</Extensions>
    </Filter>
    <Filter Include="Lib Files\Win32">
      <UniqueIdentifier>{f90c0512-30f5-4dc0-ba40-6d590f5b0a8d}</UniqueIdentifier>
    </Filter>
    <Filter Include="Lib Files\x64">
      <UniqueIdentifier>{6917675b-2d40-4b50-83c1-06ec161d08c2}</UniqueIdentifier>
    </Filter>
  </ItemGroup>
  <ItemGroup>
    <None Include="bin.x64\cg.dll">
      <Filter>Dll Files\x64</Filter>
    </None>
    <None Include="bin\cg.dll">
      <Filter>Dll Files\Win32</Filter>
    </None>
  </ItemGroup>
  <ItemGroup>
    <ClInclude Include="include\Cg\cg.h">
      <Filter>Header Files</Filter>
    </ClInclude>
    <ClInclude Include="include\Cg\cg_bindlocations.h">
      <Filter>Header Files</Filter>
    </ClInclude>
    <ClInclude Include="include\Cg\cg_datatypes.h">
      <Filter>Header Files</Filter>
    </ClInclude>
    <ClInclude Include="include\Cg\cg_enums.h">
      <Filter>Header Files</Filter>
    </ClInclude>
    <ClInclude Include="include\Cg\cg_errors.h">
      <Filter>Header Files</Filter>
    </ClInclude>
    <ClInclude Include="include\Cg\cg_profiles.h">
      <Filter>Header Files</Filter>
    </ClInclude>
    <ClInclude Include="include\Cg\cgGL_profiles.h">
      <Filter>Header Files</Filter>
    </ClInclude>
  </ItemGroup>
  <ItemGroup>
    <Library Include="lib\cg.lib">
      <Filter>Lib Files\Win32</Filter>
    </Library>
    <Library Include="lib.x64\cg.lib">
      <Filter>Lib Files\x64</Filter>
    </Library>
  </ItemGroup>
  <ItemGroup>
    <Text Include="license.txt" />
    <Text Include="readme.txt" />
  </ItemGroup>
</Project>