<?xml version="1.0" encoding="UTF-8"?>
<Project ToolsVersion="4.0" xmlns="http://schemas.microsoft.com/developer/msbuild/2003">
  <ItemGroup>
    <ClCompile Include="src\OgreBspLevel.cpp">
      <Filter>Source Files</Filter>
    </ClCompile>
    <ClCompile Include="src\OgreBspNode.cpp">
      <Filter>Source Files</Filter>
    </ClCompile>
    <ClCompile Include="src\OgreBspResourceManager.cpp">
      <Filter>Source Files</Filter>
    </ClCompile>
    <ClCompile Include="src\OgreBspSceneManager.cpp">
      <Filter>Source Files</Filter>
    </ClCompile>
    <ClCompile Include="src\OgreBspSceneManagerDll.cpp">
      <Filter>Source Files</Filter>
    </ClCompile>
    <ClCompile Include="src\OgreBspSceneManagerPlugin.cpp">
      <Filter>Source Files</Filter>
    </ClCompile>
    <ClCompile Include="src\OgreBspSceneNode.cpp">
      <Filter>Source Files</Filter>
    </ClCompile>
    <ClCompile Include="src\OgreQuake3Level.cpp">
      <Filter>Source Files</Filter>
    </ClCompile>
    <ClCompile Include="src\OgreQuake3Shader.cpp">
      <Filter>Source Files</Filter>
    </ClCompile>
    <ClCompile Include="src\OgreQuake3ShaderManager.cpp">
      <Filter>Source Files</Filter>
    </ClCompile>
  </ItemGroup>
  <ItemGroup>
    <ClInclude Include="include\OgreBspLevel.h">
      <Filter>Header Files</Filter>
    </ClInclude>
    <ClInclude Include="include\OgreBspNode.h">
      <Filter>Header Files</Filter>
    </ClInclude>
    <ClInclude Include="include\OgreBspPrerequisites.h">
      <Filter>Header Files</Filter>
    </ClInclude>
    <ClInclude Include="include\OgreBspResourceManager.h">
      <Filter>Header Files</Filter>
    </ClInclude>
    <ClInclude Include="include\OgreBspSceneManager.h">
      <Filter>Header Files</Filter>
    </ClInclude>
    <ClInclude Include="include\OgreBspSceneManagerPlugin.h">
      <Filter>Header Files</Filter>
    </ClInclude>
    <ClInclude Include="include\OgreBspSceneNode.h">
      <Filter>Header Files</Filter>
    </ClInclude>
    <ClInclude Include="include\OgreQuake3Level.h">
      <Filter>Header Files</Filter>
    </ClInclude>
    <ClInclude Include="include\OgreQuake3Shader.h">
      <Filter>Header Files</Filter>
    </ClInclude>
    <ClInclude Include="include\OgreQuake3ShaderManager.h">
      <Filter>Header Files</Filter>
    </ClInclude>
    <ClInclude Include="include\OgreQuake3Types.h">
      <Filter>Header Files</Filter>
    </ClInclude>
  </ItemGroup>
  <ItemGroup>
    <Filter Include="Source Files">
      <UniqueIdentifier>{6030D2A3-B9AE-442F-BBA0-2759540B2B55}</UniqueIdentifier>
    </Filter>
    <Filter Include="Header Files">
      <UniqueIdentifier>{0990E98A-85DF-4BD3-9D60-377B2178C38A}</UniqueIdentifier>
    </Filter>
  </ItemGroup>
</Project>
