<?xml version="1.0" encoding="UTF-8"?>
<Project ToolsVersion="4.0" xmlns="http://schemas.microsoft.com/developer/msbuild/2003">
  <ItemGroup>
    <ClCompile Include="src\OgreOctree.cpp">
      <Filter>Source Files</Filter>
    </ClCompile>
    <ClCompile Include="src\OgreOctreeCamera.cpp">
      <Filter>Source Files</Filter>
    </ClCompile>
    <ClCompile Include="src\OgreOctreeNode.cpp">
      <Filter>Source Files</Filter>
    </ClCompile>
    <ClCompile Include="src\OgreOctreePlugin.cpp">
      <Filter>Source Files</Filter>
    </ClCompile>
    <ClCompile Include="src\OgreOctreeSceneManager.cpp">
      <Filter>Source Files</Filter>
    </ClCompile>
    <ClCompile Include="src\OgreOctreeSceneManagerDll.cpp">
      <Filter>Source Files</Filter>
    </ClCompile>
    <ClCompile Include="src\OgreOctreeSceneQuery.cpp">
      <Filter>Source Files</Filter>
    </ClCompile>
  </ItemGroup>
  <ItemGroup>
    <ClInclude Include="include\OgreOctree.h">
      <Filter>Header Files</Filter>
    </ClInclude>
    <ClInclude Include="include\OgreOctreeCamera.h">
      <Filter>Header Files</Filter>
    </ClInclude>
    <ClInclude Include="include\OgreOctreeNode.h">
      <Filter>Header Files</Filter>
    </ClInclude>
    <ClInclude Include="include\OgreOctreePlugin.h">
      <Filter>Header Files</Filter>
    </ClInclude>
    <ClInclude Include="include\OgreOctreePrerequisites.h">
      <Filter>Header Files</Filter>
    </ClInclude>
    <ClInclude Include="include\OgreOctreeSceneManager.h">
      <Filter>Header Files</Filter>
    </ClInclude>
    <ClInclude Include="include\OgreOctreeSceneQuery.h">
      <Filter>Header Files</Filter>
    </ClInclude>
  </ItemGroup>
  <ItemGroup>
    <Filter Include="Source Files">
      <UniqueIdentifier>{6030D2A3-B9AE-442F-BBA0-2759540B2B55}</UniqueIdentifier>
    </Filter>
    <Filter Include="Header Files">
      <UniqueIdentifier>{0990E98A-85DF-4BD3-9D60-377B2178C38A}</UniqueIdentifier>
    </Filter>
  </ItemGroup>
</Project>
