<?xml version="1.0" encoding="UTF-8"?>
<Project ToolsVersion="4.0" xmlns="http://schemas.microsoft.com/developer/msbuild/2003">
  <ItemGroup>
    <CustomBuild Include="..\..\CMakeFiles\3c33a76946e1c799bf89cdea4cf2fb53\INSTALL_force.rule">
      <Filter>CMake Rules</Filter>
    </CustomBuild>
  </ItemGroup>
  <ItemGroup>
    <Filter Include="CMake Rules">
      <UniqueIdentifier>{C1759E4E-3F5C-41DC-BAFE-D9C4A1603262}</UniqueIdentifier>
    </Filter>
  </ItemGroup>
</Project>
