<?xml version="1.0" encoding="UTF-8"?>
<Project ToolsVersion="4.0" xmlns="http://schemas.microsoft.com/developer/msbuild/2003">
  <ItemGroup>
    <ClCompile Include="src\GLSL\src\OgreGLSLExtSupport.cpp">
      <Filter>GLSL</Filter>
    </ClCompile>
    <ClCompile Include="src\GLSL\src\OgreGLSLGpuProgram.cpp">
      <Filter>GLSL</Filter>
    </ClCompile>
    <ClCompile Include="src\GLSL\src\OgreGLSLLinkProgram.cpp">
      <Filter>GLSL</Filter>
    </ClCompile>
    <ClCompile Include="src\GLSL\src\OgreGLSLLinkProgramManager.cpp">
      <Filter>GLSL</Filter>
    </ClCompile>
    <ClCompile Include="src\GLSL\src\OgreGLSLPreprocessor.cpp">
      <Filter>GLSL</Filter>
    </ClCompile>
    <ClCompile Include="src\GLSL\src\OgreGLSLProgram.cpp">
      <Filter>GLSL</Filter>
    </ClCompile>
    <ClCompile Include="src\GLSL\src\OgreGLSLProgramFactory.cpp">
      <Filter>GLSL</Filter>
    </ClCompile>
    <ClCompile Include="src\atifs\src\ATI_FS_GLGpuProgram.cpp">
      <Filter>ATIFS</Filter>
    </ClCompile>
    <ClCompile Include="src\atifs\src\Compiler2Pass.cpp">
      <Filter>ATIFS</Filter>
    </ClCompile>
    <ClCompile Include="src\atifs\src\ps_1_4.cpp">
      <Filter>ATIFS</Filter>
    </ClCompile>
    <ClCompile Include="src\nvparse\avp1.0_impl.cpp">
      <Filter>NVparse</Filter>
    </ClCompile>
    <ClCompile Include="src\nvparse\nvparse.cpp">
      <Filter>NVparse</Filter>
    </ClCompile>
    <ClCompile Include="src\nvparse\nvparse_errors.cpp">
      <Filter>NVparse</Filter>
    </ClCompile>
    <ClCompile Include="src\nvparse\_ps1.0_lexer.cpp">
      <Filter>NVparse</Filter>
    </ClCompile>
    <ClCompile Include="src\nvparse\_ps1.0_parser.cpp">
      <Filter>NVparse</Filter>
    </ClCompile>
    <ClCompile Include="src\nvparse\ps1.0_program.cpp">
      <Filter>NVparse</Filter>
    </ClCompile>
    <ClCompile Include="src\nvparse\rc1.0_combiners.cpp">
      <Filter>NVparse</Filter>
    </ClCompile>
    <ClCompile Include="src\nvparse\rc1.0_final.cpp">
      <Filter>NVparse</Filter>
    </ClCompile>
    <ClCompile Include="src\nvparse\rc1.0_general.cpp">
      <Filter>NVparse</Filter>
    </ClCompile>
    <ClCompile Include="src\nvparse\_rc1.0_lexer.cpp">
      <Filter>NVparse</Filter>
    </ClCompile>
    <ClCompile Include="src\nvparse\_rc1.0_parser.cpp">
      <Filter>NVparse</Filter>
    </ClCompile>
    <ClCompile Include="src\nvparse\ts1.0_inst.cpp">
      <Filter>NVparse</Filter>
    </ClCompile>
    <ClCompile Include="src\nvparse\ts1.0_inst_list.cpp">
      <Filter>NVparse</Filter>
    </ClCompile>
    <ClCompile Include="src\nvparse\_ts1.0_lexer.cpp">
      <Filter>NVparse</Filter>
    </ClCompile>
    <ClCompile Include="src\nvparse\_ts1.0_parser.cpp">
      <Filter>NVparse</Filter>
    </ClCompile>
    <ClCompile Include="src\nvparse\vcp1.0_impl.cpp">
      <Filter>NVparse</Filter>
    </ClCompile>
    <ClCompile Include="src\nvparse\vp1.0_impl.cpp">
      <Filter>NVparse</Filter>
    </ClCompile>
    <ClCompile Include="src\nvparse\vs1.0_inst.cpp">
      <Filter>NVparse</Filter>
    </ClCompile>
    <ClCompile Include="src\nvparse\vs1.0_inst_list.cpp">
      <Filter>NVparse</Filter>
    </ClCompile>
    <ClCompile Include="src\nvparse\_vs1.0_lexer.cpp">
      <Filter>NVparse</Filter>
    </ClCompile>
    <ClCompile Include="src\nvparse\_vs1.0_parser.cpp">
      <Filter>NVparse</Filter>
    </ClCompile>
    <ClCompile Include="src\nvparse\vsp1.0_impl.cpp">
      <Filter>NVparse</Filter>
    </ClCompile>
    <ClCompile Include="src\OgreWin32GLSupport.cpp">
      <Filter>Source Files</Filter>
    </ClCompile>
    <ClCompile Include="src\OgreWin32RenderTexture.cpp">
      <Filter>Source Files</Filter>
    </ClCompile>
    <ClCompile Include="src\OgreWin32Window.cpp">
      <Filter>Source Files</Filter>
    </ClCompile>
    <ClCompile Include="src\win32\OgreWin32Context.cpp">
      <Filter>Source Files</Filter>
    </ClCompile>
    <ClCompile Include="src\OgreGLATIFSInit.cpp">
      <Filter>Source Files</Filter>
    </ClCompile>
    <ClCompile Include="src\OgreGLContext.cpp">
      <Filter>Source Files</Filter>
    </ClCompile>
    <ClCompile Include="src\OgreGLDefaultHardwareBufferManager.cpp">
      <Filter>Source Files</Filter>
    </ClCompile>
    <ClCompile Include="src\OgreGLDepthBuffer.cpp">
      <Filter>Source Files</Filter>
    </ClCompile>
    <ClCompile Include="src\OgreGLEngineDll.cpp">
      <Filter>Source Files</Filter>
    </ClCompile>
    <ClCompile Include="src\OgreGLFBOMultiRenderTarget.cpp">
      <Filter>Source Files</Filter>
    </ClCompile>
    <ClCompile Include="src\OgreGLFBORenderTexture.cpp">
      <Filter>Source Files</Filter>
    </ClCompile>
    <ClCompile Include="src\OgreGLFrameBufferObject.cpp">
      <Filter>Source Files</Filter>
    </ClCompile>
    <ClCompile Include="src\OgreGLGpuNvparseProgram.cpp">
      <Filter>Source Files</Filter>
    </ClCompile>
    <ClCompile Include="src\OgreGLGpuProgram.cpp">
      <Filter>Source Files</Filter>
    </ClCompile>
    <ClCompile Include="src\OgreGLGpuProgramManager.cpp">
      <Filter>Source Files</Filter>
    </ClCompile>
    <ClCompile Include="src\OgreGLHardwareBufferManager.cpp">
      <Filter>Source Files</Filter>
    </ClCompile>
    <ClCompile Include="src\OgreGLHardwareIndexBuffer.cpp">
      <Filter>Source Files</Filter>
    </ClCompile>
    <ClCompile Include="src\OgreGLHardwareOcclusionQuery.cpp">
      <Filter>Source Files</Filter>
    </ClCompile>
    <ClCompile Include="src\OgreGLHardwarePixelBuffer.cpp">
      <Filter>Source Files</Filter>
    </ClCompile>
    <ClCompile Include="src\OgreGLHardwareVertexBuffer.cpp">
      <Filter>Source Files</Filter>
    </ClCompile>
    <ClCompile Include="src\OgreGLPBRenderTexture.cpp">
      <Filter>Source Files</Filter>
    </ClCompile>
    <ClCompile Include="src\OgreGLPixelFormat.cpp">
      <Filter>Source Files</Filter>
    </ClCompile>
    <ClCompile Include="src\OgreGLPlugin.cpp">
      <Filter>Source Files</Filter>
    </ClCompile>
    <ClCompile Include="src\OgreGLRenderSystem.cpp">
      <Filter>Source Files</Filter>
    </ClCompile>
    <ClCompile Include="src\OgreGLRenderTexture.cpp">
      <Filter>Source Files</Filter>
    </ClCompile>
    <ClCompile Include="src\OgreGLRenderToVertexBuffer.cpp">
      <Filter>Source Files</Filter>
    </ClCompile>
    <ClCompile Include="src\OgreGLSupport.cpp">
      <Filter>Source Files</Filter>
    </ClCompile>
    <ClCompile Include="src\OgreGLTexture.cpp">
      <Filter>Source Files</Filter>
    </ClCompile>
    <ClCompile Include="src\OgreGLTextureManager.cpp">
      <Filter>Source Files</Filter>
    </ClCompile>
    <ClCompile Include="src\glew.cpp">
      <Filter>Source Files</Filter>
    </ClCompile>
  </ItemGroup>
  <ItemGroup>
    <ClInclude Include="include\OgreGLATIFSInit.h">
      <Filter>Header Files</Filter>
    </ClInclude>
    <ClInclude Include="include\OgreGLContext.h">
      <Filter>Header Files</Filter>
    </ClInclude>
    <ClInclude Include="include\OgreGLDefaultHardwareBufferManager.h">
      <Filter>Header Files</Filter>
    </ClInclude>
    <ClInclude Include="include\OgreGLDepthBuffer.h">
      <Filter>Header Files</Filter>
    </ClInclude>
    <ClInclude Include="include\OgreGLFBOMultiRenderTarget.h">
      <Filter>Header Files</Filter>
    </ClInclude>
    <ClInclude Include="include\OgreGLFBORenderTexture.h">
      <Filter>Header Files</Filter>
    </ClInclude>
    <ClInclude Include="include\OgreGLFrameBufferObject.h">
      <Filter>Header Files</Filter>
    </ClInclude>
    <ClInclude Include="include\OgreGLGpuNvparseProgram.h">
      <Filter>Header Files</Filter>
    </ClInclude>
    <ClInclude Include="include\OgreGLGpuProgram.h">
      <Filter>Header Files</Filter>
    </ClInclude>
    <ClInclude Include="include\OgreGLGpuProgramManager.h">
      <Filter>Header Files</Filter>
    </ClInclude>
    <ClInclude Include="include\OgreGLHardwareBufferManager.h">
      <Filter>Header Files</Filter>
    </ClInclude>
    <ClInclude Include="include\OgreGLHardwareIndexBuffer.h">
      <Filter>Header Files</Filter>
    </ClInclude>
    <ClInclude Include="include\OgreGLHardwareOcclusionQuery.h">
      <Filter>Header Files</Filter>
    </ClInclude>
    <ClInclude Include="include\OgreGLHardwarePixelBuffer.h">
      <Filter>Header Files</Filter>
    </ClInclude>
    <ClInclude Include="include\OgreGLHardwareVertexBuffer.h">
      <Filter>Header Files</Filter>
    </ClInclude>
    <ClInclude Include="include\OgreGLPBRenderTexture.h">
      <Filter>Header Files</Filter>
    </ClInclude>
    <ClInclude Include="include\OgreGLPBuffer.h">
      <Filter>Header Files</Filter>
    </ClInclude>
    <ClInclude Include="include\OgreGLPixelFormat.h">
      <Filter>Header Files</Filter>
    </ClInclude>
    <ClInclude Include="include\OgreGLPlugin.h">
      <Filter>Header Files</Filter>
    </ClInclude>
    <ClInclude Include="include\OgreGLPrerequisites.h">
      <Filter>Header Files</Filter>
    </ClInclude>
    <ClInclude Include="include\OgreGLRenderSystem.h">
      <Filter>Header Files</Filter>
    </ClInclude>
    <ClInclude Include="include\OgreGLRenderTexture.h">
      <Filter>Header Files</Filter>
    </ClInclude>
    <ClInclude Include="include\OgreGLRenderToVertexBuffer.h">
      <Filter>Header Files</Filter>
    </ClInclude>
    <ClInclude Include="include\OgreGLSupport.h">
      <Filter>Header Files</Filter>
    </ClInclude>
    <ClInclude Include="include\OgreGLTexture.h">
      <Filter>Header Files</Filter>
    </ClInclude>
    <ClInclude Include="include\OgreGLTextureManager.h">
      <Filter>Header Files</Filter>
    </ClInclude>
    <ClInclude Include="src\GLSL\include\OgreGLSLExtSupport.h">
      <Filter>GLSL</Filter>
    </ClInclude>
    <ClInclude Include="src\GLSL\include\OgreGLSLGpuProgram.h">
      <Filter>GLSL</Filter>
    </ClInclude>
    <ClInclude Include="src\GLSL\include\OgreGLSLLinkProgram.h">
      <Filter>GLSL</Filter>
    </ClInclude>
    <ClInclude Include="src\GLSL\include\OgreGLSLLinkProgramManager.h">
      <Filter>GLSL</Filter>
    </ClInclude>
    <ClInclude Include="src\GLSL\include\OgreGLSLPreprocessor.h">
      <Filter>GLSL</Filter>
    </ClInclude>
    <ClInclude Include="src\GLSL\include\OgreGLSLProgramFactory.h">
      <Filter>GLSL</Filter>
    </ClInclude>
    <ClInclude Include="src\GLSL\include\OgreGLSLProgram.h">
      <Filter>GLSL</Filter>
    </ClInclude>
    <ClInclude Include="src\atifs\include\ATI_FS_GLGpuProgram.h">
      <Filter>ATIFS</Filter>
    </ClInclude>
    <ClInclude Include="src\atifs\include\Compiler2Pass.h">
      <Filter>ATIFS</Filter>
    </ClInclude>
    <ClInclude Include="src\atifs\include\ps_1_4.h">
      <Filter>ATIFS</Filter>
    </ClInclude>
    <ClInclude Include="src\nvparse\macro.h">
      <Filter>NVparse</Filter>
    </ClInclude>
    <ClInclude Include="src\nvparse\nvparse_errors.h">
      <Filter>NVparse</Filter>
    </ClInclude>
    <ClInclude Include="src\nvparse\nvparse_externs.h">
      <Filter>NVparse</Filter>
    </ClInclude>
    <ClInclude Include="src\nvparse\nvparse.h">
      <Filter>NVparse</Filter>
    </ClInclude>
    <ClInclude Include="src\nvparse\_ps1.0_parser.h">
      <Filter>NVparse</Filter>
    </ClInclude>
    <ClInclude Include="src\nvparse\ps1.0_program.h">
      <Filter>NVparse</Filter>
    </ClInclude>
    <ClInclude Include="src\nvparse\rc1.0_combiners.h">
      <Filter>NVparse</Filter>
    </ClInclude>
    <ClInclude Include="src\nvparse\rc1.0_final.h">
      <Filter>NVparse</Filter>
    </ClInclude>
    <ClInclude Include="src\nvparse\rc1.0_general.h">
      <Filter>NVparse</Filter>
    </ClInclude>
    <ClInclude Include="src\nvparse\_rc1.0_parser.h">
      <Filter>NVparse</Filter>
    </ClInclude>
    <ClInclude Include="src\nvparse\rc1.0_register.h">
      <Filter>NVparse</Filter>
    </ClInclude>
    <ClInclude Include="src\nvparse\ts1.0_inst.h">
      <Filter>NVparse</Filter>
    </ClInclude>
    <ClInclude Include="src\nvparse\ts1.0_inst_list.h">
      <Filter>NVparse</Filter>
    </ClInclude>
    <ClInclude Include="src\nvparse\_ts1.0_parser.h">
      <Filter>NVparse</Filter>
    </ClInclude>
    <ClInclude Include="src\nvparse\vs1.0_inst.h">
      <Filter>NVparse</Filter>
    </ClInclude>
    <ClInclude Include="src\nvparse\vs1.0_inst_list.h">
      <Filter>NVparse</Filter>
    </ClInclude>
    <ClInclude Include="src\nvparse\_vs1.0_parser.h">
      <Filter>NVparse</Filter>
    </ClInclude>
    <ClInclude Include="include\OgreWin32Context.h">
      <Filter>Header Files</Filter>
    </ClInclude>
    <ClInclude Include="include\OgreWin32GLSupport.h">
      <Filter>Header Files</Filter>
    </ClInclude>
    <ClInclude Include="include\OgreWin32Prerequisites.h">
      <Filter>Header Files</Filter>
    </ClInclude>
    <ClInclude Include="include\OgreWin32RenderTexture.h">
      <Filter>Header Files</Filter>
    </ClInclude>
    <ClInclude Include="include\OgreWin32Window.h">
      <Filter>Header Files</Filter>
    </ClInclude>
    <ClInclude Include="src\win32\OgreGLUtil.h">
      <Filter>Header Files</Filter>
    </ClInclude>
  </ItemGroup>
  <ItemGroup>
    <Filter Include="Source Files">
      <UniqueIdentifier>{6030D2A3-B9AE-442F-BBA0-2759540B2B55}</UniqueIdentifier>
    </Filter>
    <Filter Include="Header Files">
      <UniqueIdentifier>{0990E98A-85DF-4BD3-9D60-377B2178C38A}</UniqueIdentifier>
    </Filter>
    <Filter Include="NVparse">
      <UniqueIdentifier>{6DCEA27E-0E73-424B-9E9C-EC71A5C2B9D5}</UniqueIdentifier>
    </Filter>
    <Filter Include="ATIFS">
      <UniqueIdentifier>{5B031411-5159-4A65-839A-85373DC46465}</UniqueIdentifier>
    </Filter>
    <Filter Include="GLSL">
      <UniqueIdentifier>{616089B2-172D-4566-9E1A-98E3E6988658}</UniqueIdentifier>
    </Filter>
  </ItemGroup>
</Project>
